
Microsoft Visual Studio Solution File, Format Version 12.00
# Visual Studio 15
Project("{FAE04EC0-301F-11D3-BF4B-00C04F79EFBC}") = "Unity.Timeline", "Unity.Timeline.csproj", "{975EE3AE-2366-37D2-65DA-22B953F36504}"
EndProject
Project("{FAE04EC0-301F-11D3-BF4B-00C04F79EFBC}") = "Unity.InputSystem", "Unity.InputSystem.csproj", "{D5F5594F-358D-42E8-A052-61D3775D50DA}"
EndProject
Project("{FAE04EC0-301F-11D3-BF4B-00C04F79EFBC}") = "Unity.ShaderGraph.Editor", "Unity.ShaderGraph.Editor.csproj", "{3F76080B-D5EF-083F-7758-F82C21A62810}"
EndProject
Project("{FAE04EC0-301F-11D3-BF4B-00C04F79EFBC}") = "Unity.2D.Aseprite.Editor", "Unity.2D.Aseprite.Editor.csproj", "{8258F637-5B22-F41C-FF11-91241376AE2D}"
EndProject
Project("{FAE04EC0-301F-11D3-BF4B-00C04F79EFBC}") = "Unity.VisualScripting.Flow", "Unity.VisualScripting.Flow.csproj", "{39BF9286-509B-8788-5342-5B383B94A725}"
EndProject
Project("{FAE04EC0-301F-11D3-BF4B-00C04F79EFBC}") = "Unity.RenderPipelines.Universal.Runtime", "Unity.RenderPipelines.Universal.Runtime.csproj", "{F878EA88-CAF1-4E08-3AB7-654AE0521E16}"
EndProject
Project("{FAE04EC0-301F-11D3-BF4B-00C04F79EFBC}") = "UnityEditor.UI", "UnityEditor.UI.csproj", "{B3869BD7-7A0C-4985-4866-8EA1630EFC48}"
EndProject
Project("{FAE04EC0-301F-11D3-BF4B-00C04F79EFBC}") = "Unity.Timeline.Editor", "Unity.Timeline.Editor.csproj", "{0E0DB125-1198-2075-CBF9-79BBAC7A861B}"
EndProject
Project("{FAE04EC0-301F-11D3-BF4B-00C04F79EFBC}") = "Unity.PlasticSCM.Editor", "Unity.PlasticSCM.Editor.csproj", "{6B2EF90C-C843-E4A6-645A-5A6C139DE75D}"
EndProject
Project("{FAE04EC0-301F-11D3-BF4B-00C04F79EFBC}") = "Unity.RenderPipelines.Core.Runtime", "Unity.RenderPipelines.Core.Runtime.csproj", "{E3422DDB-343B-B065-44FA-0C398ED56496}"
EndProject
Project("{FAE04EC0-301F-11D3-BF4B-00C04F79EFBC}") = "Unity.Mathematics", "Unity.Mathematics.csproj", "{C4C971BB-A3B7-566D-C947-C7366EE50853}"
EndProject
Project("{FAE04EC0-301F-11D3-BF4B-00C04F79EFBC}") = "Unity.RenderPipelines.Core.Editor", "Unity.RenderPipelines.Core.Editor.csproj", "{E660A1CE-0261-A683-F7C3-96F5AE02A44D}"
EndProject
Project("{FAE04EC0-301F-11D3-BF4B-00C04F79EFBC}") = "Unity.2D.Common.Path.Editor", "Unity.2D.Common.Path.Editor.csproj", "{0A184FDD-9C48-BBE5-C622-921053481DD5}"
EndProject
Project("{FAE04EC0-301F-11D3-BF4B-00C04F79EFBC}") = "Unity.2D.Psdimporter.Editor", "Unity.2D.Psdimporter.Editor.csproj", "{193F55A5-AF99-F157-5953-80A4545F32AD}"
EndProject
Project("{FAE04EC0-301F-11D3-BF4B-00C04F79EFBC}") = "Unity.VisualScripting.Core.Editor", "Unity.VisualScripting.Core.Editor.csproj", "{9D1E8B4B-E4D5-5227-DB5D-0B79BC89C2F9}"
EndProject
Project("{FAE04EC0-301F-11D3-BF4B-00C04F79EFBC}") = "Unity.2D.IK.Runtime", "Unity.2D.IK.Runtime.csproj", "{A44770E5-509E-FAA9-2C7B-A5D82F85E33F}"
EndProject
Project("{FAE04EC0-301F-11D3-BF4B-00C04F79EFBC}") = "UnityEditor.TestRunner", "UnityEditor.TestRunner.csproj", "{38239CE2-DE2B-6B33-A710-F41D2ED26355}"
EndProject
Project("{FAE04EC0-301F-11D3-BF4B-00C04F79EFBC}") = "Unity.RenderPipelines.Universal.Editor", "Unity.RenderPipelines.Universal.Editor.csproj", "{C183AAE8-E3B0-578D-F29A-06641D3C97B9}"
EndProject
Project("{FAE04EC0-301F-11D3-BF4B-00C04F79EFBC}") = "Unity.TextMeshPro.Editor", "Unity.TextMeshPro.Editor.csproj", "{46F0FC76-9B65-3B5D-A629-2A8B4DE5E0B2}"
EndProject
Project("{FAE04EC0-301F-11D3-BF4B-00C04F79EFBC}") = "Unity.VisualScripting.Flow.Editor", "Unity.VisualScripting.Flow.Editor.csproj", "{3CEADABD-A8EF-D9F9-412C-89B0D11E51B7}"
EndProject
Project("{FAE04EC0-301F-11D3-BF4B-00C04F79EFBC}") = "UnityEngine.TestRunner", "UnityEngine.TestRunner.csproj", "{7DA6CC13-B613-6DEE-7F27-89FBEF84BA68}"
EndProject
Project("{FAE04EC0-301F-11D3-BF4B-00C04F79EFBC}") = "Unity.VisualScripting.Core", "Unity.VisualScripting.Core.csproj", "{18CF5153-ECC5-B1FD-E9E7-90B776951524}"
EndProject
Project("{FAE04EC0-301F-11D3-BF4B-00C04F79EFBC}") = "Unity.2D.Tilemap.Editor", "Unity.2D.Tilemap.Editor.csproj", "{31EE2411-274B-4B27-5BBD-C50DAC9BE491}"
EndProject
Project("{FAE04EC0-301F-11D3-BF4B-00C04F79EFBC}") = "Unity.Searcher.Editor", "Unity.Searcher.Editor.csproj", "{8D6F0651-D4AC-D9C0-83A0-DE91EBE6F609}"
EndProject
Project("{FAE04EC0-301F-11D3-BF4B-00C04F79EFBC}") = "Unity.Burst", "Unity.Burst.csproj", "{58204CF1-EC1B-9721-AD52-A1BD1B67D0E1}"
EndProject
Project("{FAE04EC0-301F-11D3-BF4B-00C04F79EFBC}") = "PsdPlugin", "PsdPlugin.csproj", "{C0E0676A-8A7D-B7AD-7AFD-FA71136E6C89}"
EndProject
Project("{FAE04EC0-301F-11D3-BF4B-00C04F79EFBC}") = "Adobe.Substance", "Adobe.Substance.csproj", "{64C760FD-D95F-79FE-D551-186AA8DE9E93}"
EndProject
Project("{FAE04EC0-301F-11D3-BF4B-00C04F79EFBC}") = "AstarPathfindingProjectEditor", "AstarPathfindingProjectEditor.csproj", "{D3382568-D147-D218-5B7B-600A70B60B59}"
EndProject
Project("{FAE04EC0-301F-11D3-BF4B-00C04F79EFBC}") = "Unity.Collections", "Unity.Collections.csproj", "{BFEE7DD4-33CD-F304-E73A-5E115E703A10}"
EndProject
Project("{FAE04EC0-301F-11D3-BF4B-00C04F79EFBC}") = "Unity.2D.Animation.Editor", "Unity.2D.Animation.Editor.csproj", "{364D0C53-EAB5-260A-6D14-E6989D12BDF2}"
EndProject
Project("{FAE04EC0-301F-11D3-BF4B-00C04F79EFBC}") = "Unity.2D.SpriteShape.Editor", "Unity.2D.SpriteShape.Editor.csproj", "{66E04FBD-C40D-4B6D-CEA7-2FCD09222403}"
EndProject
Project("{FAE04EC0-301F-11D3-BF4B-00C04F79EFBC}") = "AstarPathfindingProject", "AstarPathfindingProject.csproj", "{B8D1AD1B-95E0-175B-F1AF-2BD965C6AE5E}"
EndProject
Project("{FAE04EC0-301F-11D3-BF4B-00C04F79EFBC}") = "Unity.VisualStudio.Editor", "Unity.VisualStudio.Editor.csproj", "{07D32F87-6088-3F50-12D3-828730836895}"
EndProject
Project("{FAE04EC0-301F-11D3-BF4B-00C04F79EFBC}") = "PPv2URPConverters", "PPv2URPConverters.csproj", "{94740BC9-8FF2-7E49-A0F9-3AA7F0E55861}"
EndProject
Project("{FAE04EC0-301F-11D3-BF4B-00C04F79EFBC}") = "Unity.Rider.Editor", "Unity.Rider.Editor.csproj", "{6C2B886D-0646-C4BF-9538-8FFC50C763B6}"
EndProject
Project("{FAE04EC0-301F-11D3-BF4B-00C04F79EFBC}") = "Unity.InternalAPIEditorBridge.001", "Unity.InternalAPIEditorBridge.001.csproj", "{880056BF-227E-6BBB-483A-0405B1DCD142}"
EndProject
Project("{FAE04EC0-301F-11D3-BF4B-00C04F79EFBC}") = "Unity.2D.SpriteShape.Runtime", "Unity.2D.SpriteShape.Runtime.csproj", "{ACFB71A9-A28E-E9A4-191C-1D3B93EA25DB}"
EndProject
Project("{FAE04EC0-301F-11D3-BF4B-00C04F79EFBC}") = "Unity.VisualScripting.State.Editor", "Unity.VisualScripting.State.Editor.csproj", "{06DF2F1A-0DE7-EA8F-19FE-57C4D4263339}"
EndProject
Project("{FAE04EC0-301F-11D3-BF4B-00C04F79EFBC}") = "UnityEngine.UI", "UnityEngine.UI.csproj", "{454252F5-2A2E-1F1C-E85D-636202A17BC5}"
EndProject
Project("{FAE04EC0-301F-11D3-BF4B-00C04F79EFBC}") = "Unity.Burst.CodeGen", "Unity.Burst.CodeGen.csproj", "{8723BE74-857A-6459-6A62-E45D8A24B3CF}"
EndProject
Project("{FAE04EC0-301F-11D3-BF4B-00C04F79EFBC}") = "Unity.Postprocessing.Runtime", "Unity.Postprocessing.Runtime.csproj", "{49EB9EE9-356C-6B76-B8DA-ADE1272D8220}"
EndProject
Project("{FAE04EC0-301F-11D3-BF4B-00C04F79EFBC}") = "Unity.RenderPipeline.Universal.ShaderLibrary", "Unity.RenderPipeline.Universal.ShaderLibrary.csproj", "{873F5819-95CB-20B2-E09D-8EEC3A955C58}"
EndProject
Project("{FAE04EC0-301F-11D3-BF4B-00C04F79EFBC}") = "Unity.Postprocessing.Editor", "Unity.Postprocessing.Editor.csproj", "{C43DC1F3-88A4-7ACC-3DBD-EDB94527E758}"
EndProject
Project("{FAE04EC0-301F-11D3-BF4B-00C04F79EFBC}") = "Unity.VisualScripting.State", "Unity.VisualScripting.State.csproj", "{BCBE6342-99ED-A71C-D889-E71B7423EFAE}"
EndProject
Project("{FAE04EC0-301F-11D3-BF4B-00C04F79EFBC}") = "Unity.TextMeshPro", "Unity.TextMeshPro.csproj", "{054864F7-8A75-268A-B407-71E8ECF61B68}"
EndProject
Project("{FAE04EC0-301F-11D3-BF4B-00C04F79EFBC}") = "Unity.2D.Tilemap.Extras.Editor", "Unity.2D.Tilemap.Extras.Editor.csproj", "{095AFAA6-2B1A-862D-2F82-097310E5546F}"
EndProject
Project("{FAE04EC0-301F-11D3-BF4B-00C04F79EFBC}") = "Assembly-CSharp", "Assembly-CSharp.csproj", "{B8A3D4B7-E533-0FD7-C260-767A941AA179}"
EndProject
Project("{FAE04EC0-301F-11D3-BF4B-00C04F79EFBC}") = "Unity.2D.Animation.Runtime", "Unity.2D.Animation.Runtime.csproj", "{5BB11AF1-D2D1-7B76-CF3F-E3F0347A6C3D}"
EndProject
Project("{FAE04EC0-301F-11D3-BF4B-00C04F79EFBC}") = "Unity.VisualScripting.SettingsProvider.Editor", "Unity.VisualScripting.SettingsProvider.Editor.csproj", "{89BCF80B-31BB-E7AF-D0AC-879831D393A3}"
EndProject
Project("{FAE04EC0-301F-11D3-BF4B-00C04F79EFBC}") = "Unity.2D.IK.Editor", "Unity.2D.IK.Editor.csproj", "{D97ED213-E93D-A903-FA64-F5E91DE4946A}"
EndProject
Project("{FAE04EC0-301F-11D3-BF4B-00C04F79EFBC}") = "Unity.InternalAPIEngineBridge.001", "Unity.InternalAPIEngineBridge.001.csproj", "{666CD223-21C1-9621-F574-1E7867EFA169}"
EndProject
Project("{FAE04EC0-301F-11D3-BF4B-00C04F79EFBC}") = "Unity.2D.Aseprite.Common", "Unity.2D.Aseprite.Common.csproj", "{DBA5EB14-8EE7-4E00-B742-7CDE22133321}"
EndProject
Project("{FAE04EC0-301F-11D3-BF4B-00C04F79EFBC}") = "Unity.Burst.Editor", "Unity.Burst.Editor.csproj", "{2AC0CE96-6A78-D870-8566-67E67F171FB7}"
EndProject
Project("{FAE04EC0-301F-11D3-BF4B-00C04F79EFBC}") = "Adobe.Substance.Runtime", "Adobe.Substance.Runtime.csproj", "{BBEA3B06-DABF-FD66-2248-F4CAA304B822}"
EndProject
Project("{FAE04EC0-301F-11D3-BF4B-00C04F79EFBC}") = "Unity.2D.Common.Editor", "Unity.2D.Common.Editor.csproj", "{EFB964D4-F196-2E6B-E7BC-E0E9EE082C15}"
EndProject
Project("{FAE04EC0-301F-11D3-BF4B-00C04F79EFBC}") = "PackageToolsEditor", "PackageToolsEditor.csproj", "{8DA4CEA9-9E74-625B-2D17-1223D55A2B2C}"
EndProject
Project("{FAE04EC0-301F-11D3-BF4B-00C04F79EFBC}") = "Unity.2D.PixelPerfect", "Unity.2D.PixelPerfect.csproj", "{73EF93DD-1E1F-55C7-8DEE-2D3756AACD73}"
EndProject
Project("{FAE04EC0-301F-11D3-BF4B-00C04F79EFBC}") = "Adobe.SubstanceEditor", "Adobe.SubstanceEditor.csproj", "{EA053611-EB8A-BBB6-46E8-A5858BD07BA2}"
EndProject
Project("{FAE04EC0-301F-11D3-BF4B-00C04F79EFBC}") = "Unity.2D.PixelPerfect.Editor", "Unity.2D.PixelPerfect.Editor.csproj", "{2026AABF-9D47-37C6-2C4C-2015EB37C5C5}"
EndProject
Project("{FAE04EC0-301F-11D3-BF4B-00C04F79EFBC}") = "Unity.2D.Common.Runtime", "Unity.2D.Common.Runtime.csproj", "{B8D79908-7E01-FF64-C5FA-E445392D18CB}"
EndProject
Project("{FAE04EC0-301F-11D3-BF4B-00C04F79EFBC}") = "Unity.2D.Sprite.Editor", "Unity.2D.Sprite.Editor.csproj", "{22E8BF54-B964-E683-2A73-C69D280C508E}"
EndProject
Project("{FAE04EC0-301F-11D3-BF4B-00C04F79EFBC}") = "Unity.InputSystem.ForUI", "Unity.InputSystem.ForUI.csproj", "{C6E737C7-68AE-14B4-E5DA-0D5270E39EF4}"
EndProject
Project("{FAE04EC0-301F-11D3-BF4B-00C04F79EFBC}") = "Unity.Mathematics.Editor", "Unity.Mathematics.Editor.csproj", "{3AB470C0-B07F-1344-C5B5-AC67BC02EAD5}"
EndProject
Project("{FAE04EC0-301F-11D3-BF4B-00C04F79EFBC}") = "Unity.2D.Tilemap.Extras", "Unity.2D.Tilemap.Extras.csproj", "{E0F1A463-4860-A07A-BC8D-7FB2A491839F}"
EndProject
Project("{FAE04EC0-301F-11D3-BF4B-00C04F79EFBC}") = "Unity.InputSystem.TestFramework", "Unity.InputSystem.TestFramework.csproj", "{CC4AE87C-7F25-7CB6-713A-34292BFB0898}"
EndProject
Project("{FAE04EC0-301F-11D3-BF4B-00C04F79EFBC}") = "Unity.InternalAPIEditorBridge.005", "Unity.InternalAPIEditorBridge.005.csproj", "{5630D235-F927-7E17-7A78-4F4EDF23C7AD}"
EndProject
Project("{FAE04EC0-301F-11D3-BF4B-00C04F79EFBC}") = "Unity.ShaderGraph.Utilities", "Unity.ShaderGraph.Utilities.csproj", "{A692E212-F999-51D4-AADC-E86F7A51908E}"
EndProject
Project("{FAE04EC0-301F-11D3-BF4B-00C04F79EFBC}") = "Unity.VisualScripting.Shared.Editor", "Unity.VisualScripting.Shared.Editor.csproj", "{727D3658-D736-CEE1-CC3B-ABC4B7C50ED5}"
EndProject
Project("{FAE04EC0-301F-11D3-BF4B-00C04F79EFBC}") = "Unity.Collections.DocCodeSamples", "Unity.Collections.DocCodeSamples.csproj", "{053394D1-82A2-B8C4-09C2-8A12D6FA12DB}"
EndProject
Project("{FAE04EC0-301F-11D3-BF4B-00C04F79EFBC}") = "Unity.Collections.BurstCompatibilityGen", "Unity.Collections.BurstCompatibilityGen.csproj", "{4C27F94C-8DFC-28E8-BABF-FC797EC972C4}"
EndProject
Project("{FAE04EC0-301F-11D3-BF4B-00C04F79EFBC}") = "Unity.RenderPipelines.Universal.Config.Runtime", "Unity.RenderPipelines.Universal.Config.Runtime.csproj", "{D226A25F-B5CF-8B9C-46D3-79FF85BB15E0}"
EndProject
Project("{FAE04EC0-301F-11D3-BF4B-00C04F79EFBC}") = "Unity.CollabProxy.Editor", "Unity.CollabProxy.Editor.csproj", "{25C37A4A-520E-931D-E3D4-C874C4B9C23B}"
EndProject
Project("{FAE04EC0-301F-11D3-BF4B-00C04F79EFBC}") = "Unity.RenderPipelines.ShaderGraph.ShaderGraphLibrary", "Unity.RenderPipelines.ShaderGraph.ShaderGraphLibrary.csproj", "{B76D50A3-7036-0FD2-22A5-1C027E49735A}"
EndProject
Project("{FAE04EC0-301F-11D3-BF4B-00C04F79EFBC}") = "Unity.RenderPipelines.Core.ShaderLibrary", "Unity.RenderPipelines.Core.ShaderLibrary.csproj", "{5A7BE0FB-6471-A135-66E2-9C37916E8A17}"
EndProject
Project("{FAE04EC0-301F-11D3-BF4B-00C04F79EFBC}") = "Unity.RenderPipelines.Universal.Shaders", "Unity.RenderPipelines.Universal.Shaders.csproj", "{4C07D55C-5F93-1EA5-3406-875B00C1947A}"
EndProject
Project("{FAE04EC0-301F-11D3-BF4B-00C04F79EFBC}") = "Unity.Timeline", "Unity.Timeline.Player.csproj", "{650661B1-E436-EC0A-8B14-F8466CF7D01F}"
EndProject
Project("{FAE04EC0-301F-11D3-BF4B-00C04F79EFBC}") = "Unity.InputSystem", "Unity.InputSystem.Player.csproj", "{3F8468FA-9D87-AD36-0001-C90C7E7B6ECC}"
EndProject
Project("{FAE04EC0-301F-11D3-BF4B-00C04F79EFBC}") = "Unity.VisualScripting.Flow", "Unity.VisualScripting.Flow.Player.csproj", "{CE81B741-5FBC-D893-A1EF-DC5E9EF23899}"
EndProject
Project("{FAE04EC0-301F-11D3-BF4B-00C04F79EFBC}") = "Unity.RenderPipelines.Universal.Runtime", "Unity.RenderPipelines.Universal.Runtime.Player.csproj", "{937B4AEF-E597-1702-2BB0-09323E2B12CB}"
EndProject
Project("{FAE04EC0-301F-11D3-BF4B-00C04F79EFBC}") = "Unity.RenderPipelines.Core.Runtime", "Unity.RenderPipelines.Core.Runtime.Player.csproj", "{24016E29-1FD4-2911-7CEF-03B226C7B1E2}"
EndProject
Project("{FAE04EC0-301F-11D3-BF4B-00C04F79EFBC}") = "Unity.Mathematics", "Unity.Mathematics.Player.csproj", "{87EB90E3-70CA-9561-C803-D40CE054D4F0}"
EndProject
Project("{FAE04EC0-301F-11D3-BF4B-00C04F79EFBC}") = "Unity.2D.IK.Runtime", "Unity.2D.IK.Runtime.Player.csproj", "{AB27A6D4-DE84-58CF-0BDA-71ED6A80DD84}"
EndProject
Project("{FAE04EC0-301F-11D3-BF4B-00C04F79EFBC}") = "UnityEngine.TestRunner", "UnityEngine.TestRunner.Player.csproj", "{46406737-ADBD-91F3-4ABC-F943679FA7A4}"
EndProject
Project("{FAE04EC0-301F-11D3-BF4B-00C04F79EFBC}") = "Unity.VisualScripting.Core", "Unity.VisualScripting.Core.Player.csproj", "{97FB042F-1E01-1338-7124-4AA0A9400B2B}"
EndProject
Project("{FAE04EC0-301F-11D3-BF4B-00C04F79EFBC}") = "Unity.Burst", "Unity.Burst.Player.csproj", "{B856128C-AE34-D776-CC4F-DE4028BF2339}"
EndProject
Project("{FAE04EC0-301F-11D3-BF4B-00C04F79EFBC}") = "Adobe.Substance", "Adobe.Substance.Player.csproj", "{E1D2954D-B778-FBC3-5116-58DD1784257A}"
EndProject
Project("{FAE04EC0-301F-11D3-BF4B-00C04F79EFBC}") = "Unity.Collections", "Unity.Collections.Player.csproj", "{638A0842-71B3-4C17-A402-58842974C352}"
EndProject
Project("{FAE04EC0-301F-11D3-BF4B-00C04F79EFBC}") = "AstarPathfindingProject", "AstarPathfindingProject.Player.csproj", "{31FF8AD0-6430-3D88-0084-3546007006F1}"
EndProject
Project("{FAE04EC0-301F-11D3-BF4B-00C04F79EFBC}") = "Unity.2D.SpriteShape.Runtime", "Unity.2D.SpriteShape.Runtime.Player.csproj", "{9FBAF8EA-C57F-B7E3-1748-653B08CAD6CC}"
EndProject
Project("{FAE04EC0-301F-11D3-BF4B-00C04F79EFBC}") = "UnityEngine.UI", "UnityEngine.UI.Player.csproj", "{14C71EEF-259E-7380-8FE2-5383A331D494}"
EndProject
Project("{FAE04EC0-301F-11D3-BF4B-00C04F79EFBC}") = "Unity.Postprocessing.Runtime", "Unity.Postprocessing.Runtime.Player.csproj", "{C7D4D4FD-137A-DC49-211A-257FFE241F86}"
EndProject
Project("{FAE04EC0-301F-11D3-BF4B-00C04F79EFBC}") = "Unity.RenderPipeline.Universal.ShaderLibrary", "Unity.RenderPipeline.Universal.ShaderLibrary.Player.csproj", "{A1290469-2A14-11A7-FDE0-BF158A623AF3}"
EndProject
Project("{FAE04EC0-301F-11D3-BF4B-00C04F79EFBC}") = "Unity.VisualScripting.State", "Unity.VisualScripting.State.Player.csproj", "{DFACD295-A192-D9B2-2BD4-C070AC18B887}"
EndProject
Project("{FAE04EC0-301F-11D3-BF4B-00C04F79EFBC}") = "Unity.TextMeshPro", "Unity.TextMeshPro.Player.csproj", "{EACB5E7B-6139-3826-A432-3C8D9BD8A9E2}"
EndProject
Project("{FAE04EC0-301F-11D3-BF4B-00C04F79EFBC}") = "Assembly-CSharp", "Assembly-CSharp.Player.csproj", "{A7A1F7EC-57E9-C36A-D27A-747A209A43CF}"
EndProject
Project("{FAE04EC0-301F-11D3-BF4B-00C04F79EFBC}") = "Unity.2D.Animation.Runtime", "Unity.2D.Animation.Runtime.Player.csproj", "{F60A9C23-26F0-1FA8-98DA-9B829BAF0BA2}"
EndProject
Project("{FAE04EC0-301F-11D3-BF4B-00C04F79EFBC}") = "Unity.InternalAPIEngineBridge.001", "Unity.InternalAPIEngineBridge.001.Player.csproj", "{2B8ED3B5-378B-4FE3-B03E-523D16555FF8}"
EndProject
Project("{FAE04EC0-301F-11D3-BF4B-00C04F79EFBC}") = "Adobe.Substance.Runtime", "Adobe.Substance.Runtime.Player.csproj", "{9F994AB3-9CA2-ADC2-059D-79BA387A38BF}"
EndProject
Project("{FAE04EC0-301F-11D3-BF4B-00C04F79EFBC}") = "Unity.2D.PixelPerfect", "Unity.2D.PixelPerfect.Player.csproj", "{3100ABC1-FA60-50AC-C9B6-4B47907CFFF1}"
EndProject
Project("{FAE04EC0-301F-11D3-BF4B-00C04F79EFBC}") = "Unity.2D.Common.Runtime", "Unity.2D.Common.Runtime.Player.csproj", "{E6FE2FB0-96CA-364F-4937-2C4125BA3AA4}"
EndProject
Project("{FAE04EC0-301F-11D3-BF4B-00C04F79EFBC}") = "Unity.InputSystem.ForUI", "Unity.InputSystem.ForUI.Player.csproj", "{8DAF2ED4-8BF1-A288-FE9C-A60D87AC1FAA}"
EndProject
Project("{FAE04EC0-301F-11D3-BF4B-00C04F79EFBC}") = "Unity.2D.Tilemap.Extras", "Unity.2D.Tilemap.Extras.Player.csproj", "{84C87F2F-5E3A-79DE-14DE-3D5C5A85A0D0}"
EndProject
Project("{FAE04EC0-301F-11D3-BF4B-00C04F79EFBC}") = "Unity.InputSystem.TestFramework", "Unity.InputSystem.TestFramework.Player.csproj", "{22F4C99E-F9C0-545C-3C3D-1CBF229E415B}"
EndProject
Project("{FAE04EC0-301F-11D3-BF4B-00C04F79EFBC}") = "Unity.RenderPipelines.Universal.Config.Runtime", "Unity.RenderPipelines.Universal.Config.Runtime.Player.csproj", "{4BB5E11E-3012-84E3-33F5-A7CB5007F024}"
EndProject
Project("{FAE04EC0-301F-11D3-BF4B-00C04F79EFBC}") = "Unity.RenderPipelines.ShaderGraph.ShaderGraphLibrary", "Unity.RenderPipelines.ShaderGraph.ShaderGraphLibrary.Player.csproj", "{72892E68-B44A-50AF-535D-329EB4E7BE12}"
EndProject
Project("{FAE04EC0-301F-11D3-BF4B-00C04F79EFBC}") = "Unity.RenderPipelines.Core.ShaderLibrary", "Unity.RenderPipelines.Core.ShaderLibrary.Player.csproj", "{8C88CF90-6045-2525-8CA2-8569CDE9D883}"
EndProject
Project("{FAE04EC0-301F-11D3-BF4B-00C04F79EFBC}") = "Unity.RenderPipelines.Universal.Shaders", "Unity.RenderPipelines.Universal.Shaders.Player.csproj", "{35FF3B31-84A3-7580-B11E-818D86EA4780}"
EndProject
Global
	GlobalSection(SolutionConfigurationPlatforms) = preSolution
		Debug|Any CPU = Debug|Any CPU
		Release|Any CPU = Release|Any CPU
	EndGlobalSection
	GlobalSection(ProjectConfigurationPlatforms) = postSolution
		{975EE3AE-2366-37D2-65DA-22B953F36504}.Debug|Any CPU.ActiveCfg = Debug|Any CPU
		{975EE3AE-2366-37D2-65DA-22B953F36504}.Debug|Any CPU.Build.0 = Debug|Any CPU
		{975EE3AE-2366-37D2-65DA-22B953F36504}.Release|Any CPU.ActiveCfg = Release|Any CPU
		{975EE3AE-2366-37D2-65DA-22B953F36504}.Release|Any CPU.Build.0 = Release|Any CPU
		{D5F5594F-358D-42E8-A052-61D3775D50DA}.Debug|Any CPU.ActiveCfg = Debug|Any CPU
		{D5F5594F-358D-42E8-A052-61D3775D50DA}.Debug|Any CPU.Build.0 = Debug|Any CPU
		{D5F5594F-358D-42E8-A052-61D3775D50DA}.Release|Any CPU.ActiveCfg = Release|Any CPU
		{D5F5594F-358D-42E8-A052-61D3775D50DA}.Release|Any CPU.Build.0 = Release|Any CPU
		{3F76080B-D5EF-083F-7758-F82C21A62810}.Debug|Any CPU.ActiveCfg = Debug|Any CPU
		{3F76080B-D5EF-083F-7758-F82C21A62810}.Debug|Any CPU.Build.0 = Debug|Any CPU
		{3F76080B-D5EF-083F-7758-F82C21A62810}.Release|Any CPU.ActiveCfg = Release|Any CPU
		{3F76080B-D5EF-083F-7758-F82C21A62810}.Release|Any CPU.Build.0 = Release|Any CPU
		{8258F637-5B22-F41C-FF11-91241376AE2D}.Debug|Any CPU.ActiveCfg = Debug|Any CPU
		{8258F637-5B22-F41C-FF11-91241376AE2D}.Debug|Any CPU.Build.0 = Debug|Any CPU
		{8258F637-5B22-F41C-FF11-91241376AE2D}.Release|Any CPU.ActiveCfg = Release|Any CPU
		{8258F637-5B22-F41C-FF11-91241376AE2D}.Release|Any CPU.Build.0 = Release|Any CPU
		{39BF9286-509B-8788-5342-5B383B94A725}.Debug|Any CPU.ActiveCfg = Debug|Any CPU
		{39BF9286-509B-8788-5342-5B383B94A725}.Debug|Any CPU.Build.0 = Debug|Any CPU
		{39BF9286-509B-8788-5342-5B383B94A725}.Release|Any CPU.ActiveCfg = Release|Any CPU
		{39BF9286-509B-8788-5342-5B383B94A725}.Release|Any CPU.Build.0 = Release|Any CPU
		{F878EA88-CAF1-4E08-3AB7-654AE0521E16}.Debug|Any CPU.ActiveCfg = Debug|Any CPU
		{F878EA88-CAF1-4E08-3AB7-654AE0521E16}.Debug|Any CPU.Build.0 = Debug|Any CPU
		{F878EA88-CAF1-4E08-3AB7-654AE0521E16}.Release|Any CPU.ActiveCfg = Release|Any CPU
		{F878EA88-CAF1-4E08-3AB7-654AE0521E16}.Release|Any CPU.Build.0 = Release|Any CPU
		{B3869BD7-7A0C-4985-4866-8EA1630EFC48}.Debug|Any CPU.ActiveCfg = Debug|Any CPU
		{B3869BD7-7A0C-4985-4866-8EA1630EFC48}.Debug|Any CPU.Build.0 = Debug|Any CPU
		{B3869BD7-7A0C-4985-4866-8EA1630EFC48}.Release|Any CPU.ActiveCfg = Release|Any CPU
		{B3869BD7-7A0C-4985-4866-8EA1630EFC48}.Release|Any CPU.Build.0 = Release|Any CPU
		{0E0DB125-1198-2075-CBF9-79BBAC7A861B}.Debug|Any CPU.ActiveCfg = Debug|Any CPU
		{0E0DB125-1198-2075-CBF9-79BBAC7A861B}.Debug|Any CPU.Build.0 = Debug|Any CPU
		{0E0DB125-1198-2075-CBF9-79BBAC7A861B}.Release|Any CPU.ActiveCfg = Release|Any CPU
		{0E0DB125-1198-2075-CBF9-79BBAC7A861B}.Release|Any CPU.Build.0 = Release|Any CPU
		{6B2EF90C-C843-E4A6-645A-5A6C139DE75D}.Debug|Any CPU.ActiveCfg = Debug|Any CPU
		{6B2EF90C-C843-E4A6-645A-5A6C139DE75D}.Debug|Any CPU.Build.0 = Debug|Any CPU
		{6B2EF90C-C843-E4A6-645A-5A6C139DE75D}.Release|Any CPU.ActiveCfg = Release|Any CPU
		{6B2EF90C-C843-E4A6-645A-5A6C139DE75D}.Release|Any CPU.Build.0 = Release|Any CPU
		{E3422DDB-343B-B065-44FA-0C398ED56496}.Debug|Any CPU.ActiveCfg = Debug|Any CPU
		{E3422DDB-343B-B065-44FA-0C398ED56496}.Debug|Any CPU.Build.0 = Debug|Any CPU
		{E3422DDB-343B-B065-44FA-0C398ED56496}.Release|Any CPU.ActiveCfg = Release|Any CPU
		{E3422DDB-343B-B065-44FA-0C398ED56496}.Release|Any CPU.Build.0 = Release|Any CPU
		{C4C971BB-A3B7-566D-C947-C7366EE50853}.Debug|Any CPU.ActiveCfg = Debug|Any CPU
		{C4C971BB-A3B7-566D-C947-C7366EE50853}.Debug|Any CPU.Build.0 = Debug|Any CPU
		{C4C971BB-A3B7-566D-C947-C7366EE50853}.Release|Any CPU.ActiveCfg = Release|Any CPU
		{C4C971BB-A3B7-566D-C947-C7366EE50853}.Release|Any CPU.Build.0 = Release|Any CPU
		{E660A1CE-0261-A683-F7C3-96F5AE02A44D}.Debug|Any CPU.ActiveCfg = Debug|Any CPU
		{E660A1CE-0261-A683-F7C3-96F5AE02A44D}.Debug|Any CPU.Build.0 = Debug|Any CPU
		{E660A1CE-0261-A683-F7C3-96F5AE02A44D}.Release|Any CPU.ActiveCfg = Release|Any CPU
		{E660A1CE-0261-A683-F7C3-96F5AE02A44D}.Release|Any CPU.Build.0 = Release|Any CPU
		{0A184FDD-9C48-BBE5-C622-921053481DD5}.Debug|Any CPU.ActiveCfg = Debug|Any CPU
		{0A184FDD-9C48-BBE5-C622-921053481DD5}.Debug|Any CPU.Build.0 = Debug|Any CPU
		{0A184FDD-9C48-BBE5-C622-921053481DD5}.Release|Any CPU.ActiveCfg = Release|Any CPU
		{0A184FDD-9C48-BBE5-C622-921053481DD5}.Release|Any CPU.Build.0 = Release|Any CPU
		{193F55A5-AF99-F157-5953-80A4545F32AD}.Debug|Any CPU.ActiveCfg = Debug|Any CPU
		{193F55A5-AF99-F157-5953-80A4545F32AD}.Debug|Any CPU.Build.0 = Debug|Any CPU
		{193F55A5-AF99-F157-5953-80A4545F32AD}.Release|Any CPU.ActiveCfg = Release|Any CPU
		{193F55A5-AF99-F157-5953-80A4545F32AD}.Release|Any CPU.Build.0 = Release|Any CPU
		{9D1E8B4B-E4D5-5227-DB5D-0B79BC89C2F9}.Debug|Any CPU.ActiveCfg = Debug|Any CPU
		{9D1E8B4B-E4D5-5227-DB5D-0B79BC89C2F9}.Debug|Any CPU.Build.0 = Debug|Any CPU
		{9D1E8B4B-E4D5-5227-DB5D-0B79BC89C2F9}.Release|Any CPU.ActiveCfg = Release|Any CPU
		{9D1E8B4B-E4D5-5227-DB5D-0B79BC89C2F9}.Release|Any CPU.Build.0 = Release|Any CPU
		{A44770E5-509E-FAA9-2C7B-A5D82F85E33F}.Debug|Any CPU.ActiveCfg = Debug|Any CPU
		{A44770E5-509E-FAA9-2C7B-A5D82F85E33F}.Debug|Any CPU.Build.0 = Debug|Any CPU
		{A44770E5-509E-FAA9-2C7B-A5D82F85E33F}.Release|Any CPU.ActiveCfg = Release|Any CPU
		{A44770E5-509E-FAA9-2C7B-A5D82F85E33F}.Release|Any CPU.Build.0 = Release|Any CPU
		{38239CE2-DE2B-6B33-A710-F41D2ED26355}.Debug|Any CPU.ActiveCfg = Debug|Any CPU
		{38239CE2-DE2B-6B33-A710-F41D2ED26355}.Debug|Any CPU.Build.0 = Debug|Any CPU
		{38239CE2-DE2B-6B33-A710-F41D2ED26355}.Release|Any CPU.ActiveCfg = Release|Any CPU
		{38239CE2-DE2B-6B33-A710-F41D2ED26355}.Release|Any CPU.Build.0 = Release|Any CPU
		{C183AAE8-E3B0-578D-F29A-06641D3C97B9}.Debug|Any CPU.ActiveCfg = Debug|Any CPU
		{C183AAE8-E3B0-578D-F29A-06641D3C97B9}.Debug|Any CPU.Build.0 = Debug|Any CPU
		{C183AAE8-E3B0-578D-F29A-06641D3C97B9}.Release|Any CPU.ActiveCfg = Release|Any CPU
		{C183AAE8-E3B0-578D-F29A-06641D3C97B9}.Release|Any CPU.Build.0 = Release|Any CPU
		{46F0FC76-9B65-3B5D-A629-2A8B4DE5E0B2}.Debug|Any CPU.ActiveCfg = Debug|Any CPU
		{46F0FC76-9B65-3B5D-A629-2A8B4DE5E0B2}.Debug|Any CPU.Build.0 = Debug|Any CPU
		{46F0FC76-9B65-3B5D-A629-2A8B4DE5E0B2}.Release|Any CPU.ActiveCfg = Release|Any CPU
		{46F0FC76-9B65-3B5D-A629-2A8B4DE5E0B2}.Release|Any CPU.Build.0 = Release|Any CPU
		{3CEADABD-A8EF-D9F9-412C-89B0D11E51B7}.Debug|Any CPU.ActiveCfg = Debug|Any CPU
		{3CEADABD-A8EF-D9F9-412C-89B0D11E51B7}.Debug|Any CPU.Build.0 = Debug|Any CPU
		{3CEADABD-A8EF-D9F9-412C-89B0D11E51B7}.Release|Any CPU.ActiveCfg = Release|Any CPU
		{3CEADABD-A8EF-D9F9-412C-89B0D11E51B7}.Release|Any CPU.Build.0 = Release|Any CPU
		{7DA6CC13-B613-6DEE-7F27-89FBEF84BA68}.Debug|Any CPU.ActiveCfg = Debug|Any CPU
		{7DA6CC13-B613-6DEE-7F27-89FBEF84BA68}.Debug|Any CPU.Build.0 = Debug|Any CPU
		{7DA6CC13-B613-6DEE-7F27-89FBEF84BA68}.Release|Any CPU.ActiveCfg = Release|Any CPU
		{7DA6CC13-B613-6DEE-7F27-89FBEF84BA68}.Release|Any CPU.Build.0 = Release|Any CPU
		{18CF5153-ECC5-B1FD-E9E7-90B776951524}.Debug|Any CPU.ActiveCfg = Debug|Any CPU
		{18CF5153-ECC5-B1FD-E9E7-90B776951524}.Debug|Any CPU.Build.0 = Debug|Any CPU
		{18CF5153-ECC5-B1FD-E9E7-90B776951524}.Release|Any CPU.ActiveCfg = Release|Any CPU
		{18CF5153-ECC5-B1FD-E9E7-90B776951524}.Release|Any CPU.Build.0 = Release|Any CPU
		{31EE2411-274B-4B27-5BBD-C50DAC9BE491}.Debug|Any CPU.ActiveCfg = Debug|Any CPU
		{31EE2411-274B-4B27-5BBD-C50DAC9BE491}.Debug|Any CPU.Build.0 = Debug|Any CPU
		{31EE2411-274B-4B27-5BBD-C50DAC9BE491}.Release|Any CPU.ActiveCfg = Release|Any CPU
		{31EE2411-274B-4B27-5BBD-C50DAC9BE491}.Release|Any CPU.Build.0 = Release|Any CPU
		{8D6F0651-D4AC-D9C0-83A0-DE91EBE6F609}.Debug|Any CPU.ActiveCfg = Debug|Any CPU
		{8D6F0651-D4AC-D9C0-83A0-DE91EBE6F609}.Debug|Any CPU.Build.0 = Debug|Any CPU
		{8D6F0651-D4AC-D9C0-83A0-DE91EBE6F609}.Release|Any CPU.ActiveCfg = Release|Any CPU
		{8D6F0651-D4AC-D9C0-83A0-DE91EBE6F609}.Release|Any CPU.Build.0 = Release|Any CPU
		{58204CF1-EC1B-9721-AD52-A1BD1B67D0E1}.Debug|Any CPU.ActiveCfg = Debug|Any CPU
		{58204CF1-EC1B-9721-AD52-A1BD1B67D0E1}.Debug|Any CPU.Build.0 = Debug|Any CPU
		{58204CF1-EC1B-9721-AD52-A1BD1B67D0E1}.Release|Any CPU.ActiveCfg = Release|Any CPU
		{58204CF1-EC1B-9721-AD52-A1BD1B67D0E1}.Release|Any CPU.Build.0 = Release|Any CPU
		{C0E0676A-8A7D-B7AD-7AFD-FA71136E6C89}.Debug|Any CPU.ActiveCfg = Debug|Any CPU
		{C0E0676A-8A7D-B7AD-7AFD-FA71136E6C89}.Debug|Any CPU.Build.0 = Debug|Any CPU
		{C0E0676A-8A7D-B7AD-7AFD-FA71136E6C89}.Release|Any CPU.ActiveCfg = Release|Any CPU
		{C0E0676A-8A7D-B7AD-7AFD-FA71136E6C89}.Release|Any CPU.Build.0 = Release|Any CPU
		{64C760FD-D95F-79FE-D551-186AA8DE9E93}.Debug|Any CPU.ActiveCfg = Debug|Any CPU
		{64C760FD-D95F-79FE-D551-186AA8DE9E93}.Debug|Any CPU.Build.0 = Debug|Any CPU
		{64C760FD-D95F-79FE-D551-186AA8DE9E93}.Release|Any CPU.ActiveCfg = Release|Any CPU
		{64C760FD-D95F-79FE-D551-186AA8DE9E93}.Release|Any CPU.Build.0 = Release|Any CPU
		{D3382568-D147-D218-5B7B-600A70B60B59}.Debug|Any CPU.ActiveCfg = Debug|Any CPU
		{D3382568-D147-D218-5B7B-600A70B60B59}.Debug|Any CPU.Build.0 = Debug|Any CPU
		{D3382568-D147-D218-5B7B-600A70B60B59}.Release|Any CPU.ActiveCfg = Release|Any CPU
		{D3382568-D147-D218-5B7B-600A70B60B59}.Release|Any CPU.Build.0 = Release|Any CPU
		{BFEE7DD4-33CD-F304-E73A-5E115E703A10}.Debug|Any CPU.ActiveCfg = Debug|Any CPU
		{BFEE7DD4-33CD-F304-E73A-5E115E703A10}.Debug|Any CPU.Build.0 = Debug|Any CPU
		{BFEE7DD4-33CD-F304-E73A-5E115E703A10}.Release|Any CPU.ActiveCfg = Release|Any CPU
		{BFEE7DD4-33CD-F304-E73A-5E115E703A10}.Release|Any CPU.Build.0 = Release|Any CPU
		{364D0C53-EAB5-260A-6D14-E6989D12BDF2}.Debug|Any CPU.ActiveCfg = Debug|Any CPU
		{364D0C53-EAB5-260A-6D14-E6989D12BDF2}.Debug|Any CPU.Build.0 = Debug|Any CPU
		{364D0C53-EAB5-260A-6D14-E6989D12BDF2}.Release|Any CPU.ActiveCfg = Release|Any CPU
		{364D0C53-EAB5-260A-6D14-E6989D12BDF2}.Release|Any CPU.Build.0 = Release|Any CPU
		{66E04FBD-C40D-4B6D-CEA7-2FCD09222403}.Debug|Any CPU.ActiveCfg = Debug|Any CPU
		{66E04FBD-C40D-4B6D-CEA7-2FCD09222403}.Debug|Any CPU.Build.0 = Debug|Any CPU
		{66E04FBD-C40D-4B6D-CEA7-2FCD09222403}.Release|Any CPU.ActiveCfg = Release|Any CPU
		{66E04FBD-C40D-4B6D-CEA7-2FCD09222403}.Release|Any CPU.Build.0 = Release|Any CPU
		{B8D1AD1B-95E0-175B-F1AF-2BD965C6AE5E}.Debug|Any CPU.ActiveCfg = Debug|Any CPU
		{B8D1AD1B-95E0-175B-F1AF-2BD965C6AE5E}.Debug|Any CPU.Build.0 = Debug|Any CPU
		{B8D1AD1B-95E0-175B-F1AF-2BD965C6AE5E}.Release|Any CPU.ActiveCfg = Release|Any CPU
		{B8D1AD1B-95E0-175B-F1AF-2BD965C6AE5E}.Release|Any CPU.Build.0 = Release|Any CPU
		{07D32F87-6088-3F50-12D3-828730836895}.Debug|Any CPU.ActiveCfg = Debug|Any CPU
		{07D32F87-6088-3F50-12D3-828730836895}.Debug|Any CPU.Build.0 = Debug|Any CPU
		{07D32F87-6088-3F50-12D3-828730836895}.Release|Any CPU.ActiveCfg = Release|Any CPU
		{07D32F87-6088-3F50-12D3-828730836895}.Release|Any CPU.Build.0 = Release|Any CPU
		{94740BC9-8FF2-7E49-A0F9-3AA7F0E55861}.Debug|Any CPU.ActiveCfg = Debug|Any CPU
		{94740BC9-8FF2-7E49-A0F9-3AA7F0E55861}.Debug|Any CPU.Build.0 = Debug|Any CPU
		{94740BC9-8FF2-7E49-A0F9-3AA7F0E55861}.Release|Any CPU.ActiveCfg = Release|Any CPU
		{94740BC9-8FF2-7E49-A0F9-3AA7F0E55861}.Release|Any CPU.Build.0 = Release|Any CPU
		{6C2B886D-0646-C4BF-9538-8FFC50C763B6}.Debug|Any CPU.ActiveCfg = Debug|Any CPU
		{6C2B886D-0646-C4BF-9538-8FFC50C763B6}.Debug|Any CPU.Build.0 = Debug|Any CPU
		{6C2B886D-0646-C4BF-9538-8FFC50C763B6}.Release|Any CPU.ActiveCfg = Release|Any CPU
		{6C2B886D-0646-C4BF-9538-8FFC50C763B6}.Release|Any CPU.Build.0 = Release|Any CPU
		{880056BF-227E-6BBB-483A-0405B1DCD142}.Debug|Any CPU.ActiveCfg = Debug|Any CPU
		{880056BF-227E-6BBB-483A-0405B1DCD142}.Debug|Any CPU.Build.0 = Debug|Any CPU
		{880056BF-227E-6BBB-483A-0405B1DCD142}.Release|Any CPU.ActiveCfg = Release|Any CPU
		{880056BF-227E-6BBB-483A-0405B1DCD142}.Release|Any CPU.Build.0 = Release|Any CPU
		{ACFB71A9-A28E-E9A4-191C-1D3B93EA25DB}.Debug|Any CPU.ActiveCfg = Debug|Any CPU
		{ACFB71A9-A28E-E9A4-191C-1D3B93EA25DB}.Debug|Any CPU.Build.0 = Debug|Any CPU
		{ACFB71A9-A28E-E9A4-191C-1D3B93EA25DB}.Release|Any CPU.ActiveCfg = Release|Any CPU
		{ACFB71A9-A28E-E9A4-191C-1D3B93EA25DB}.Release|Any CPU.Build.0 = Release|Any CPU
		{06DF2F1A-0DE7-EA8F-19FE-57C4D4263339}.Debug|Any CPU.ActiveCfg = Debug|Any CPU
		{06DF2F1A-0DE7-EA8F-19FE-57C4D4263339}.Debug|Any CPU.Build.0 = Debug|Any CPU
		{06DF2F1A-0DE7-EA8F-19FE-57C4D4263339}.Release|Any CPU.ActiveCfg = Release|Any CPU
		{06DF2F1A-0DE7-EA8F-19FE-57C4D4263339}.Release|Any CPU.Build.0 = Release|Any CPU
		{454252F5-2A2E-1F1C-E85D-636202A17BC5}.Debug|Any CPU.ActiveCfg = Debug|Any CPU
		{454252F5-2A2E-1F1C-E85D-636202A17BC5}.Debug|Any CPU.Build.0 = Debug|Any CPU
		{454252F5-2A2E-1F1C-E85D-636202A17BC5}.Release|Any CPU.ActiveCfg = Release|Any CPU
		{454252F5-2A2E-1F1C-E85D-636202A17BC5}.Release|Any CPU.Build.0 = Release|Any CPU
		{8723BE74-857A-6459-6A62-E45D8A24B3CF}.Debug|Any CPU.ActiveCfg = Debug|Any CPU
		{8723BE74-857A-6459-6A62-E45D8A24B3CF}.Debug|Any CPU.Build.0 = Debug|Any CPU
		{8723BE74-857A-6459-6A62-E45D8A24B3CF}.Release|Any CPU.ActiveCfg = Release|Any CPU
		{8723BE74-857A-6459-6A62-E45D8A24B3CF}.Release|Any CPU.Build.0 = Release|Any CPU
		{49EB9EE9-356C-6B76-B8DA-ADE1272D8220}.Debug|Any CPU.ActiveCfg = Debug|Any CPU
		{49EB9EE9-356C-6B76-B8DA-ADE1272D8220}.Debug|Any CPU.Build.0 = Debug|Any CPU
		{49EB9EE9-356C-6B76-B8DA-ADE1272D8220}.Release|Any CPU.ActiveCfg = Release|Any CPU
		{49EB9EE9-356C-6B76-B8DA-ADE1272D8220}.Release|Any CPU.Build.0 = Release|Any CPU
		{873F5819-95CB-20B2-E09D-8EEC3A955C58}.Debug|Any CPU.ActiveCfg = Debug|Any CPU
		{873F5819-95CB-20B2-E09D-8EEC3A955C58}.Debug|Any CPU.Build.0 = Debug|Any CPU
		{873F5819-95CB-20B2-E09D-8EEC3A955C58}.Release|Any CPU.ActiveCfg = Release|Any CPU
		{873F5819-95CB-20B2-E09D-8EEC3A955C58}.Release|Any CPU.Build.0 = Release|Any CPU
		{C43DC1F3-88A4-7ACC-3DBD-EDB94527E758}.Debug|Any CPU.ActiveCfg = Debug|Any CPU
		{C43DC1F3-88A4-7ACC-3DBD-EDB94527E758}.Debug|Any CPU.Build.0 = Debug|Any CPU
		{C43DC1F3-88A4-7ACC-3DBD-EDB94527E758}.Release|Any CPU.ActiveCfg = Release|Any CPU
		{C43DC1F3-88A4-7ACC-3DBD-EDB94527E758}.Release|Any CPU.Build.0 = Release|Any CPU
		{BCBE6342-99ED-A71C-D889-E71B7423EFAE}.Debug|Any CPU.ActiveCfg = Debug|Any CPU
		{BCBE6342-99ED-A71C-D889-E71B7423EFAE}.Debug|Any CPU.Build.0 = Debug|Any CPU
		{BCBE6342-99ED-A71C-D889-E71B7423EFAE}.Release|Any CPU.ActiveCfg = Release|Any CPU
		{BCBE6342-99ED-A71C-D889-E71B7423EFAE}.Release|Any CPU.Build.0 = Release|Any CPU
		{054864F7-8A75-268A-B407-71E8ECF61B68}.Debug|Any CPU.ActiveCfg = Debug|Any CPU
		{054864F7-8A75-268A-B407-71E8ECF61B68}.Debug|Any CPU.Build.0 = Debug|Any CPU
		{054864F7-8A75-268A-B407-71E8ECF61B68}.Release|Any CPU.ActiveCfg = Release|Any CPU
		{054864F7-8A75-268A-B407-71E8ECF61B68}.Release|Any CPU.Build.0 = Release|Any CPU
		{095AFAA6-2B1A-862D-2F82-097310E5546F}.Debug|Any CPU.ActiveCfg = Debug|Any CPU
		{095AFAA6-2B1A-862D-2F82-097310E5546F}.Debug|Any CPU.Build.0 = Debug|Any CPU
		{095AFAA6-2B1A-862D-2F82-097310E5546F}.Release|Any CPU.ActiveCfg = Release|Any CPU
		{095AFAA6-2B1A-862D-2F82-097310E5546F}.Release|Any CPU.Build.0 = Release|Any CPU
		{B8A3D4B7-E533-0FD7-C260-767A941AA179}.Debug|Any CPU.ActiveCfg = Debug|Any CPU
		{B8A3D4B7-E533-0FD7-C260-767A941AA179}.Debug|Any CPU.Build.0 = Debug|Any CPU
		{B8A3D4B7-E533-0FD7-C260-767A941AA179}.Release|Any CPU.ActiveCfg = Release|Any CPU
		{B8A3D4B7-E533-0FD7-C260-767A941AA179}.Release|Any CPU.Build.0 = Release|Any CPU
		{5BB11AF1-D2D1-7B76-CF3F-E3F0347A6C3D}.Debug|Any CPU.ActiveCfg = Debug|Any CPU
		{5BB11AF1-D2D1-7B76-CF3F-E3F0347A6C3D}.Debug|Any CPU.Build.0 = Debug|Any CPU
		{5BB11AF1-D2D1-7B76-CF3F-E3F0347A6C3D}.Release|Any CPU.ActiveCfg = Release|Any CPU
		{5BB11AF1-D2D1-7B76-CF3F-E3F0347A6C3D}.Release|Any CPU.Build.0 = Release|Any CPU
		{89BCF80B-31BB-E7AF-D0AC-879831D393A3}.Debug|Any CPU.ActiveCfg = Debug|Any CPU
		{89BCF80B-31BB-E7AF-D0AC-879831D393A3}.Debug|Any CPU.Build.0 = Debug|Any CPU
		{89BCF80B-31BB-E7AF-D0AC-879831D393A3}.Release|Any CPU.ActiveCfg = Release|Any CPU
		{89BCF80B-31BB-E7AF-D0AC-879831D393A3}.Release|Any CPU.Build.0 = Release|Any CPU
		{D97ED213-E93D-A903-FA64-F5E91DE4946A}.Debug|Any CPU.ActiveCfg = Debug|Any CPU
		{D97ED213-E93D-A903-FA64-F5E91DE4946A}.Debug|Any CPU.Build.0 = Debug|Any CPU
		{D97ED213-E93D-A903-FA64-F5E91DE4946A}.Release|Any CPU.ActiveCfg = Release|Any CPU
		{D97ED213-E93D-A903-FA64-F5E91DE4946A}.Release|Any CPU.Build.0 = Release|Any CPU
		{666CD223-21C1-9621-F574-1E7867EFA169}.Debug|Any CPU.ActiveCfg = Debug|Any CPU
		{666CD223-21C1-9621-F574-1E7867EFA169}.Debug|Any CPU.Build.0 = Debug|Any CPU
		{666CD223-21C1-9621-F574-1E7867EFA169}.Release|Any CPU.ActiveCfg = Release|Any CPU
		{666CD223-21C1-9621-F574-1E7867EFA169}.Release|Any CPU.Build.0 = Release|Any CPU
		{DBA5EB14-8EE7-4E00-B742-7CDE22133321}.Debug|Any CPU.ActiveCfg = Debug|Any CPU
		{DBA5EB14-8EE7-4E00-B742-7CDE22133321}.Debug|Any CPU.Build.0 = Debug|Any CPU
		{DBA5EB14-8EE7-4E00-B742-7CDE22133321}.Release|Any CPU.ActiveCfg = Release|Any CPU
		{DBA5EB14-8EE7-4E00-B742-7CDE22133321}.Release|Any CPU.Build.0 = Release|Any CPU
		{2AC0CE96-6A78-D870-8566-67E67F171FB7}.Debug|Any CPU.ActiveCfg = Debug|Any CPU
		{2AC0CE96-6A78-D870-8566-67E67F171FB7}.Debug|Any CPU.Build.0 = Debug|Any CPU
		{2AC0CE96-6A78-D870-8566-67E67F171FB7}.Release|Any CPU.ActiveCfg = Release|Any CPU
		{2AC0CE96-6A78-D870-8566-67E67F171FB7}.Release|Any CPU.Build.0 = Release|Any CPU
		{BBEA3B06-DABF-FD66-2248-F4CAA304B822}.Debug|Any CPU.ActiveCfg = Debug|Any CPU
		{BBEA3B06-DABF-FD66-2248-F4CAA304B822}.Debug|Any CPU.Build.0 = Debug|Any CPU
		{BBEA3B06-DABF-FD66-2248-F4CAA304B822}.Release|Any CPU.ActiveCfg = Release|Any CPU
		{BBEA3B06-DABF-FD66-2248-F4CAA304B822}.Release|Any CPU.Build.0 = Release|Any CPU
		{EFB964D4-F196-2E6B-E7BC-E0E9EE082C15}.Debug|Any CPU.ActiveCfg = Debug|Any CPU
		{EFB964D4-F196-2E6B-E7BC-E0E9EE082C15}.Debug|Any CPU.Build.0 = Debug|Any CPU
		{EFB964D4-F196-2E6B-E7BC-E0E9EE082C15}.Release|Any CPU.ActiveCfg = Release|Any CPU
		{EFB964D4-F196-2E6B-E7BC-E0E9EE082C15}.Release|Any CPU.Build.0 = Release|Any CPU
		{8DA4CEA9-9E74-625B-2D17-1223D55A2B2C}.Debug|Any CPU.ActiveCfg = Debug|Any CPU
		{8DA4CEA9-9E74-625B-2D17-1223D55A2B2C}.Debug|Any CPU.Build.0 = Debug|Any CPU
		{8DA4CEA9-9E74-625B-2D17-1223D55A2B2C}.Release|Any CPU.ActiveCfg = Release|Any CPU
		{8DA4CEA9-9E74-625B-2D17-1223D55A2B2C}.Release|Any CPU.Build.0 = Release|Any CPU
		{73EF93DD-1E1F-55C7-8DEE-2D3756AACD73}.Debug|Any CPU.ActiveCfg = Debug|Any CPU
		{73EF93DD-1E1F-55C7-8DEE-2D3756AACD73}.Debug|Any CPU.Build.0 = Debug|Any CPU
		{73EF93DD-1E1F-55C7-8DEE-2D3756AACD73}.Release|Any CPU.ActiveCfg = Release|Any CPU
		{73EF93DD-1E1F-55C7-8DEE-2D3756AACD73}.Release|Any CPU.Build.0 = Release|Any CPU
		{EA053611-EB8A-BBB6-46E8-A5858BD07BA2}.Debug|Any CPU.ActiveCfg = Debug|Any CPU
		{EA053611-EB8A-BBB6-46E8-A5858BD07BA2}.Debug|Any CPU.Build.0 = Debug|Any CPU
		{EA053611-EB8A-BBB6-46E8-A5858BD07BA2}.Release|Any CPU.ActiveCfg = Release|Any CPU
		{EA053611-EB8A-BBB6-46E8-A5858BD07BA2}.Release|Any CPU.Build.0 = Release|Any CPU
		{2026AABF-9D47-37C6-2C4C-2015EB37C5C5}.Debug|Any CPU.ActiveCfg = Debug|Any CPU
		{2026AABF-9D47-37C6-2C4C-2015EB37C5C5}.Debug|Any CPU.Build.0 = Debug|Any CPU
		{2026AABF-9D47-37C6-2C4C-2015EB37C5C5}.Release|Any CPU.ActiveCfg = Release|Any CPU
		{2026AABF-9D47-37C6-2C4C-2015EB37C5C5}.Release|Any CPU.Build.0 = Release|Any CPU
		{B8D79908-7E01-FF64-C5FA-E445392D18CB}.Debug|Any CPU.ActiveCfg = Debug|Any CPU
		{B8D79908-7E01-FF64-C5FA-E445392D18CB}.Debug|Any CPU.Build.0 = Debug|Any CPU
		{B8D79908-7E01-FF64-C5FA-E445392D18CB}.Release|Any CPU.ActiveCfg = Release|Any CPU
		{B8D79908-7E01-FF64-C5FA-E445392D18CB}.Release|Any CPU.Build.0 = Release|Any CPU
		{22E8BF54-B964-E683-2A73-C69D280C508E}.Debug|Any CPU.ActiveCfg = Debug|Any CPU
		{22E8BF54-B964-E683-2A73-C69D280C508E}.Debug|Any CPU.Build.0 = Debug|Any CPU
		{22E8BF54-B964-E683-2A73-C69D280C508E}.Release|Any CPU.ActiveCfg = Release|Any CPU
		{22E8BF54-B964-E683-2A73-C69D280C508E}.Release|Any CPU.Build.0 = Release|Any CPU
		{C6E737C7-68AE-14B4-E5DA-0D5270E39EF4}.Debug|Any CPU.ActiveCfg = Debug|Any CPU
		{C6E737C7-68AE-14B4-E5DA-0D5270E39EF4}.Debug|Any CPU.Build.0 = Debug|Any CPU
		{C6E737C7-68AE-14B4-E5DA-0D5270E39EF4}.Release|Any CPU.ActiveCfg = Release|Any CPU
		{C6E737C7-68AE-14B4-E5DA-0D5270E39EF4}.Release|Any CPU.Build.0 = Release|Any CPU
		{3AB470C0-B07F-1344-C5B5-AC67BC02EAD5}.Debug|Any CPU.ActiveCfg = Debug|Any CPU
		{3AB470C0-B07F-1344-C5B5-AC67BC02EAD5}.Debug|Any CPU.Build.0 = Debug|Any CPU
		{3AB470C0-B07F-1344-C5B5-AC67BC02EAD5}.Release|Any CPU.ActiveCfg = Release|Any CPU
		{3AB470C0-B07F-1344-C5B5-AC67BC02EAD5}.Release|Any CPU.Build.0 = Release|Any CPU
		{E0F1A463-4860-A07A-BC8D-7FB2A491839F}.Debug|Any CPU.ActiveCfg = Debug|Any CPU
		{E0F1A463-4860-A07A-BC8D-7FB2A491839F}.Debug|Any CPU.Build.0 = Debug|Any CPU
		{E0F1A463-4860-A07A-BC8D-7FB2A491839F}.Release|Any CPU.ActiveCfg = Release|Any CPU
		{E0F1A463-4860-A07A-BC8D-7FB2A491839F}.Release|Any CPU.Build.0 = Release|Any CPU
		{CC4AE87C-7F25-7CB6-713A-34292BFB0898}.Debug|Any CPU.ActiveCfg = Debug|Any CPU
		{CC4AE87C-7F25-7CB6-713A-34292BFB0898}.Debug|Any CPU.Build.0 = Debug|Any CPU
		{CC4AE87C-7F25-7CB6-713A-34292BFB0898}.Release|Any CPU.ActiveCfg = Release|Any CPU
		{CC4AE87C-7F25-7CB6-713A-34292BFB0898}.Release|Any CPU.Build.0 = Release|Any CPU
		{5630D235-F927-7E17-7A78-4F4EDF23C7AD}.Debug|Any CPU.ActiveCfg = Debug|Any CPU
		{5630D235-F927-7E17-7A78-4F4EDF23C7AD}.Debug|Any CPU.Build.0 = Debug|Any CPU
		{5630D235-F927-7E17-7A78-4F4EDF23C7AD}.Release|Any CPU.ActiveCfg = Release|Any CPU
		{5630D235-F927-7E17-7A78-4F4EDF23C7AD}.Release|Any CPU.Build.0 = Release|Any CPU
		{A692E212-F999-51D4-AADC-E86F7A51908E}.Debug|Any CPU.ActiveCfg = Debug|Any CPU
		{A692E212-F999-51D4-AADC-E86F7A51908E}.Debug|Any CPU.Build.0 = Debug|Any CPU
		{A692E212-F999-51D4-AADC-E86F7A51908E}.Release|Any CPU.ActiveCfg = Release|Any CPU
		{A692E212-F999-51D4-AADC-E86F7A51908E}.Release|Any CPU.Build.0 = Release|Any CPU
		{727D3658-D736-CEE1-CC3B-ABC4B7C50ED5}.Debug|Any CPU.ActiveCfg = Debug|Any CPU
		{727D3658-D736-CEE1-CC3B-ABC4B7C50ED5}.Debug|Any CPU.Build.0 = Debug|Any CPU
		{727D3658-D736-CEE1-CC3B-ABC4B7C50ED5}.Release|Any CPU.ActiveCfg = Release|Any CPU
		{727D3658-D736-CEE1-CC3B-ABC4B7C50ED5}.Release|Any CPU.Build.0 = Release|Any CPU
		{053394D1-82A2-B8C4-09C2-8A12D6FA12DB}.Debug|Any CPU.ActiveCfg = Debug|Any CPU
		{053394D1-82A2-B8C4-09C2-8A12D6FA12DB}.Debug|Any CPU.Build.0 = Debug|Any CPU
		{053394D1-82A2-B8C4-09C2-8A12D6FA12DB}.Release|Any CPU.ActiveCfg = Release|Any CPU
		{053394D1-82A2-B8C4-09C2-8A12D6FA12DB}.Release|Any CPU.Build.0 = Release|Any CPU
		{4C27F94C-8DFC-28E8-BABF-FC797EC972C4}.Debug|Any CPU.ActiveCfg = Debug|Any CPU
		{4C27F94C-8DFC-28E8-BABF-FC797EC972C4}.Debug|Any CPU.Build.0 = Debug|Any CPU
		{4C27F94C-8DFC-28E8-BABF-FC797EC972C4}.Release|Any CPU.ActiveCfg = Release|Any CPU
		{4C27F94C-8DFC-28E8-BABF-FC797EC972C4}.Release|Any CPU.Build.0 = Release|Any CPU
		{D226A25F-B5CF-8B9C-46D3-79FF85BB15E0}.Debug|Any CPU.ActiveCfg = Debug|Any CPU
		{D226A25F-B5CF-8B9C-46D3-79FF85BB15E0}.Debug|Any CPU.Build.0 = Debug|Any CPU
		{D226A25F-B5CF-8B9C-46D3-79FF85BB15E0}.Release|Any CPU.ActiveCfg = Release|Any CPU
		{D226A25F-B5CF-8B9C-46D3-79FF85BB15E0}.Release|Any CPU.Build.0 = Release|Any CPU
		{25C37A4A-520E-931D-E3D4-C874C4B9C23B}.Debug|Any CPU.ActiveCfg = Debug|Any CPU
		{25C37A4A-520E-931D-E3D4-C874C4B9C23B}.Debug|Any CPU.Build.0 = Debug|Any CPU
		{25C37A4A-520E-931D-E3D4-C874C4B9C23B}.Release|Any CPU.ActiveCfg = Release|Any CPU
		{25C37A4A-520E-931D-E3D4-C874C4B9C23B}.Release|Any CPU.Build.0 = Release|Any CPU
		{B76D50A3-7036-0FD2-22A5-1C027E49735A}.Debug|Any CPU.ActiveCfg = Debug|Any CPU
		{B76D50A3-7036-0FD2-22A5-1C027E49735A}.Debug|Any CPU.Build.0 = Debug|Any CPU
		{B76D50A3-7036-0FD2-22A5-1C027E49735A}.Release|Any CPU.ActiveCfg = Release|Any CPU
		{B76D50A3-7036-0FD2-22A5-1C027E49735A}.Release|Any CPU.Build.0 = Release|Any CPU
		{5A7BE0FB-6471-A135-66E2-9C37916E8A17}.Debug|Any CPU.ActiveCfg = Debug|Any CPU
		{5A7BE0FB-6471-A135-66E2-9C37916E8A17}.Debug|Any CPU.Build.0 = Debug|Any CPU
		{5A7BE0FB-6471-A135-66E2-9C37916E8A17}.Release|Any CPU.ActiveCfg = Release|Any CPU
		{5A7BE0FB-6471-A135-66E2-9C37916E8A17}.Release|Any CPU.Build.0 = Release|Any CPU
		{4C07D55C-5F93-1EA5-3406-875B00C1947A}.Debug|Any CPU.ActiveCfg = Debug|Any CPU
		{4C07D55C-5F93-1EA5-3406-875B00C1947A}.Debug|Any CPU.Build.0 = Debug|Any CPU
		{4C07D55C-5F93-1EA5-3406-875B00C1947A}.Release|Any CPU.ActiveCfg = Release|Any CPU
		{4C07D55C-5F93-1EA5-3406-875B00C1947A}.Release|Any CPU.Build.0 = Release|Any CPU
		{650661B1-E436-EC0A-8B14-F8466CF7D01F}.Debug|Any CPU.ActiveCfg = Debug|Any CPU
		{650661B1-E436-EC0A-8B14-F8466CF7D01F}.Debug|Any CPU.Build.0 = Debug|Any CPU
		{650661B1-E436-EC0A-8B14-F8466CF7D01F}.Release|Any CPU.ActiveCfg = Release|Any CPU
		{650661B1-E436-EC0A-8B14-F8466CF7D01F}.Release|Any CPU.Build.0 = Release|Any CPU
		{3F8468FA-9D87-AD36-0001-C90C7E7B6ECC}.Debug|Any CPU.ActiveCfg = Debug|Any CPU
		{3F8468FA-9D87-AD36-0001-C90C7E7B6ECC}.Debug|Any CPU.Build.0 = Debug|Any CPU
		{3F8468FA-9D87-AD36-0001-C90C7E7B6ECC}.Release|Any CPU.ActiveCfg = Release|Any CPU
		{3F8468FA-9D87-AD36-0001-C90C7E7B6ECC}.Release|Any CPU.Build.0 = Release|Any CPU
		{CE81B741-5FBC-D893-A1EF-DC5E9EF23899}.Debug|Any CPU.ActiveCfg = Debug|Any CPU
		{CE81B741-5FBC-D893-A1EF-DC5E9EF23899}.Debug|Any CPU.Build.0 = Debug|Any CPU
		{CE81B741-5FBC-D893-A1EF-DC5E9EF23899}.Release|Any CPU.ActiveCfg = Release|Any CPU
		{CE81B741-5FBC-D893-A1EF-DC5E9EF23899}.Release|Any CPU.Build.0 = Release|Any CPU
		{937B4AEF-E597-1702-2BB0-09323E2B12CB}.Debug|Any CPU.ActiveCfg = Debug|Any CPU
		{937B4AEF-E597-1702-2BB0-09323E2B12CB}.Debug|Any CPU.Build.0 = Debug|Any CPU
		{937B4AEF-E597-1702-2BB0-09323E2B12CB}.Release|Any CPU.ActiveCfg = Release|Any CPU
		{937B4AEF-E597-1702-2BB0-09323E2B12CB}.Release|Any CPU.Build.0 = Release|Any CPU
		{24016E29-1FD4-2911-7CEF-03B226C7B1E2}.Debug|Any CPU.ActiveCfg = Debug|Any CPU
		{24016E29-1FD4-2911-7CEF-03B226C7B1E2}.Debug|Any CPU.Build.0 = Debug|Any CPU
		{24016E29-1FD4-2911-7CEF-03B226C7B1E2}.Release|Any CPU.ActiveCfg = Release|Any CPU
		{24016E29-1FD4-2911-7CEF-03B226C7B1E2}.Release|Any CPU.Build.0 = Release|Any CPU
		{87EB90E3-70CA-9561-C803-D40CE054D4F0}.Debug|Any CPU.ActiveCfg = Debug|Any CPU
		{87EB90E3-70CA-9561-C803-D40CE054D4F0}.Debug|Any CPU.Build.0 = Debug|Any CPU
		{87EB90E3-70CA-9561-C803-D40CE054D4F0}.Release|Any CPU.ActiveCfg = Release|Any CPU
		{87EB90E3-70CA-9561-C803-D40CE054D4F0}.Release|Any CPU.Build.0 = Release|Any CPU
		{AB27A6D4-DE84-58CF-0BDA-71ED6A80DD84}.Debug|Any CPU.ActiveCfg = Debug|Any CPU
		{AB27A6D4-DE84-58CF-0BDA-71ED6A80DD84}.Debug|Any CPU.Build.0 = Debug|Any CPU
		{AB27A6D4-DE84-58CF-0BDA-71ED6A80DD84}.Release|Any CPU.ActiveCfg = Release|Any CPU
		{AB27A6D4-DE84-58CF-0BDA-71ED6A80DD84}.Release|Any CPU.Build.0 = Release|Any CPU
		{46406737-ADBD-91F3-4ABC-F943679FA7A4}.Debug|Any CPU.ActiveCfg = Debug|Any CPU
		{46406737-ADBD-91F3-4ABC-F943679FA7A4}.Debug|Any CPU.Build.0 = Debug|Any CPU
		{46406737-ADBD-91F3-4ABC-F943679FA7A4}.Release|Any CPU.ActiveCfg = Release|Any CPU
		{46406737-ADBD-91F3-4ABC-F943679FA7A4}.Release|Any CPU.Build.0 = Release|Any CPU
		{97FB042F-1E01-1338-7124-4AA0A9400B2B}.Debug|Any CPU.ActiveCfg = Debug|Any CPU
		{97FB042F-1E01-1338-7124-4AA0A9400B2B}.Debug|Any CPU.Build.0 = Debug|Any CPU
		{97FB042F-1E01-1338-7124-4AA0A9400B2B}.Release|Any CPU.ActiveCfg = Release|Any CPU
		{97FB042F-1E01-1338-7124-4AA0A9400B2B}.Release|Any CPU.Build.0 = Release|Any CPU
		{B856128C-AE34-D776-CC4F-DE4028BF2339}.Debug|Any CPU.ActiveCfg = Debug|Any CPU
		{B856128C-AE34-D776-CC4F-DE4028BF2339}.Debug|Any CPU.Build.0 = Debug|Any CPU
		{B856128C-AE34-D776-CC4F-DE4028BF2339}.Release|Any CPU.ActiveCfg = Release|Any CPU
		{B856128C-AE34-D776-CC4F-DE4028BF2339}.Release|Any CPU.Build.0 = Release|Any CPU
		{E1D2954D-B778-FBC3-5116-58DD1784257A}.Debug|Any CPU.ActiveCfg = Debug|Any CPU
		{E1D2954D-B778-FBC3-5116-58DD1784257A}.Debug|Any CPU.Build.0 = Debug|Any CPU
		{E1D2954D-B778-FBC3-5116-58DD1784257A}.Release|Any CPU.ActiveCfg = Release|Any CPU
		{E1D2954D-B778-FBC3-5116-58DD1784257A}.Release|Any CPU.Build.0 = Release|Any CPU
		{638A0842-71B3-4C17-A402-58842974C352}.Debug|Any CPU.ActiveCfg = Debug|Any CPU
		{638A0842-71B3-4C17-A402-58842974C352}.Debug|Any CPU.Build.0 = Debug|Any CPU
		{638A0842-71B3-4C17-A402-58842974C352}.Release|Any CPU.ActiveCfg = Release|Any CPU
		{638A0842-71B3-4C17-A402-58842974C352}.Release|Any CPU.Build.0 = Release|Any CPU
		{31FF8AD0-6430-3D88-0084-3546007006F1}.Debug|Any CPU.ActiveCfg = Debug|Any CPU
		{31FF8AD0-6430-3D88-0084-3546007006F1}.Debug|Any CPU.Build.0 = Debug|Any CPU
		{31FF8AD0-6430-3D88-0084-3546007006F1}.Release|Any CPU.ActiveCfg = Release|Any CPU
		{31FF8AD0-6430-3D88-0084-3546007006F1}.Release|Any CPU.Build.0 = Release|Any CPU
		{9FBAF8EA-C57F-B7E3-1748-653B08CAD6CC}.Debug|Any CPU.ActiveCfg = Debug|Any CPU
		{9FBAF8EA-C57F-B7E3-1748-653B08CAD6CC}.Debug|Any CPU.Build.0 = Debug|Any CPU
		{9FBAF8EA-C57F-B7E3-1748-653B08CAD6CC}.Release|Any CPU.ActiveCfg = Release|Any CPU
		{9FBAF8EA-C57F-B7E3-1748-653B08CAD6CC}.Release|Any CPU.Build.0 = Release|Any CPU
		{14C71EEF-259E-7380-8FE2-5383A331D494}.Debug|Any CPU.ActiveCfg = Debug|Any CPU
		{14C71EEF-259E-7380-8FE2-5383A331D494}.Debug|Any CPU.Build.0 = Debug|Any CPU
		{14C71EEF-259E-7380-8FE2-5383A331D494}.Release|Any CPU.ActiveCfg = Release|Any CPU
		{14C71EEF-259E-7380-8FE2-5383A331D494}.Release|Any CPU.Build.0 = Release|Any CPU
		{C7D4D4FD-137A-DC49-211A-257FFE241F86}.Debug|Any CPU.ActiveCfg = Debug|Any CPU
		{C7D4D4FD-137A-DC49-211A-257FFE241F86}.Debug|Any CPU.Build.0 = Debug|Any CPU
		{C7D4D4FD-137A-DC49-211A-257FFE241F86}.Release|Any CPU.ActiveCfg = Release|Any CPU
		{C7D4D4FD-137A-DC49-211A-257FFE241F86}.Release|Any CPU.Build.0 = Release|Any CPU
		{A1290469-2A14-11A7-FDE0-BF158A623AF3}.Debug|Any CPU.ActiveCfg = Debug|Any CPU
		{A1290469-2A14-11A7-FDE0-BF158A623AF3}.Debug|Any CPU.Build.0 = Debug|Any CPU
		{A1290469-2A14-11A7-FDE0-BF158A623AF3}.Release|Any CPU.ActiveCfg = Release|Any CPU
		{A1290469-2A14-11A7-FDE0-BF158A623AF3}.Release|Any CPU.Build.0 = Release|Any CPU
		{DFACD295-A192-D9B2-2BD4-C070AC18B887}.Debug|Any CPU.ActiveCfg = Debug|Any CPU
		{DFACD295-A192-D9B2-2BD4-C070AC18B887}.Debug|Any CPU.Build.0 = Debug|Any CPU
		{DFACD295-A192-D9B2-2BD4-C070AC18B887}.Release|Any CPU.ActiveCfg = Release|Any CPU
		{DFACD295-A192-D9B2-2BD4-C070AC18B887}.Release|Any CPU.Build.0 = Release|Any CPU
		{EACB5E7B-6139-3826-A432-3C8D9BD8A9E2}.Debug|Any CPU.ActiveCfg = Debug|Any CPU
		{EACB5E7B-6139-3826-A432-3C8D9BD8A9E2}.Debug|Any CPU.Build.0 = Debug|Any CPU
		{EACB5E7B-6139-3826-A432-3C8D9BD8A9E2}.Release|Any CPU.ActiveCfg = Release|Any CPU
		{EACB5E7B-6139-3826-A432-3C8D9BD8A9E2}.Release|Any CPU.Build.0 = Release|Any CPU
		{A7A1F7EC-57E9-C36A-D27A-747A209A43CF}.Debug|Any CPU.ActiveCfg = Debug|Any CPU
		{A7A1F7EC-57E9-C36A-D27A-747A209A43CF}.Debug|Any CPU.Build.0 = Debug|Any CPU
		{A7A1F7EC-57E9-C36A-D27A-747A209A43CF}.Release|Any CPU.ActiveCfg = Release|Any CPU
		{A7A1F7EC-57E9-C36A-D27A-747A209A43CF}.Release|Any CPU.Build.0 = Release|Any CPU
		{F60A9C23-26F0-1FA8-98DA-9B829BAF0BA2}.Debug|Any CPU.ActiveCfg = Debug|Any CPU
		{F60A9C23-26F0-1FA8-98DA-9B829BAF0BA2}.Debug|Any CPU.Build.0 = Debug|Any CPU
		{F60A9C23-26F0-1FA8-98DA-9B829BAF0BA2}.Release|Any CPU.ActiveCfg = Release|Any CPU
		{F60A9C23-26F0-1FA8-98DA-9B829BAF0BA2}.Release|Any CPU.Build.0 = Release|Any CPU
		{2B8ED3B5-378B-4FE3-B03E-523D16555FF8}.Debug|Any CPU.ActiveCfg = Debug|Any CPU
		{2B8ED3B5-378B-4FE3-B03E-523D16555FF8}.Debug|Any CPU.Build.0 = Debug|Any CPU
		{2B8ED3B5-378B-4FE3-B03E-523D16555FF8}.Release|Any CPU.ActiveCfg = Release|Any CPU
		{2B8ED3B5-378B-4FE3-B03E-523D16555FF8}.Release|Any CPU.Build.0 = Release|Any CPU
		{9F994AB3-9CA2-ADC2-059D-79BA387A38BF}.Debug|Any CPU.ActiveCfg = Debug|Any CPU
		{9F994AB3-9CA2-ADC2-059D-79BA387A38BF}.Debug|Any CPU.Build.0 = Debug|Any CPU
		{9F994AB3-9CA2-ADC2-059D-79BA387A38BF}.Release|Any CPU.ActiveCfg = Release|Any CPU
		{9F994AB3-9CA2-ADC2-059D-79BA387A38BF}.Release|Any CPU.Build.0 = Release|Any CPU
		{3100ABC1-FA60-50AC-C9B6-4B47907CFFF1}.Debug|Any CPU.ActiveCfg = Debug|Any CPU
		{3100ABC1-FA60-50AC-C9B6-4B47907CFFF1}.Debug|Any CPU.Build.0 = Debug|Any CPU
		{3100ABC1-FA60-50AC-C9B6-4B47907CFFF1}.Release|Any CPU.ActiveCfg = Release|Any CPU
		{3100ABC1-FA60-50AC-C9B6-4B47907CFFF1}.Release|Any CPU.Build.0 = Release|Any CPU
		{E6FE2FB0-96CA-364F-4937-2C4125BA3AA4}.Debug|Any CPU.ActiveCfg = Debug|Any CPU
		{E6FE2FB0-96CA-364F-4937-2C4125BA3AA4}.Debug|Any CPU.Build.0 = Debug|Any CPU
		{E6FE2FB0-96CA-364F-4937-2C4125BA3AA4}.Release|Any CPU.ActiveCfg = Release|Any CPU
		{E6FE2FB0-96CA-364F-4937-2C4125BA3AA4}.Release|Any CPU.Build.0 = Release|Any CPU
		{8DAF2ED4-8BF1-A288-FE9C-A60D87AC1FAA}.Debug|Any CPU.ActiveCfg = Debug|Any CPU
		{8DAF2ED4-8BF1-A288-FE9C-A60D87AC1FAA}.Debug|Any CPU.Build.0 = Debug|Any CPU
		{8DAF2ED4-8BF1-A288-FE9C-A60D87AC1FAA}.Release|Any CPU.ActiveCfg = Release|Any CPU
		{8DAF2ED4-8BF1-A288-FE9C-A60D87AC1FAA}.Release|Any CPU.Build.0 = Release|Any CPU
		{84C87F2F-5E3A-79DE-14DE-3D5C5A85A0D0}.Debug|Any CPU.ActiveCfg = Debug|Any CPU
		{84C87F2F-5E3A-79DE-14DE-3D5C5A85A0D0}.Debug|Any CPU.Build.0 = Debug|Any CPU
		{84C87F2F-5E3A-79DE-14DE-3D5C5A85A0D0}.Release|Any CPU.ActiveCfg = Release|Any CPU
		{84C87F2F-5E3A-79DE-14DE-3D5C5A85A0D0}.Release|Any CPU.Build.0 = Release|Any CPU
		{22F4C99E-F9C0-545C-3C3D-1CBF229E415B}.Debug|Any CPU.ActiveCfg = Debug|Any CPU
		{22F4C99E-F9C0-545C-3C3D-1CBF229E415B}.Debug|Any CPU.Build.0 = Debug|Any CPU
		{22F4C99E-F9C0-545C-3C3D-1CBF229E415B}.Release|Any CPU.ActiveCfg = Release|Any CPU
		{22F4C99E-F9C0-545C-3C3D-1CBF229E415B}.Release|Any CPU.Build.0 = Release|Any CPU
		{4BB5E11E-3012-84E3-33F5-A7CB5007F024}.Debug|Any CPU.ActiveCfg = Debug|Any CPU
		{4BB5E11E-3012-84E3-33F5-A7CB5007F024}.Debug|Any CPU.Build.0 = Debug|Any CPU
		{4BB5E11E-3012-84E3-33F5-A7CB5007F024}.Release|Any CPU.ActiveCfg = Release|Any CPU
		{4BB5E11E-3012-84E3-33F5-A7CB5007F024}.Release|Any CPU.Build.0 = Release|Any CPU
		{72892E68-B44A-50AF-535D-329EB4E7BE12}.Debug|Any CPU.ActiveCfg = Debug|Any CPU
		{72892E68-B44A-50AF-535D-329EB4E7BE12}.Debug|Any CPU.Build.0 = Debug|Any CPU
		{72892E68-B44A-50AF-535D-329EB4E7BE12}.Release|Any CPU.ActiveCfg = Release|Any CPU
		{72892E68-B44A-50AF-535D-329EB4E7BE12}.Release|Any CPU.Build.0 = Release|Any CPU
		{8C88CF90-6045-2525-8CA2-8569CDE9D883}.Debug|Any CPU.ActiveCfg = Debug|Any CPU
		{8C88CF90-6045-2525-8CA2-8569CDE9D883}.Debug|Any CPU.Build.0 = Debug|Any CPU
		{8C88CF90-6045-2525-8CA2-8569CDE9D883}.Release|Any CPU.ActiveCfg = Release|Any CPU
		{8C88CF90-6045-2525-8CA2-8569CDE9D883}.Release|Any CPU.Build.0 = Release|Any CPU
		{35FF3B31-84A3-7580-B11E-818D86EA4780}.Debug|Any CPU.ActiveCfg = Debug|Any CPU
		{35FF3B31-84A3-7580-B11E-818D86EA4780}.Debug|Any CPU.Build.0 = Debug|Any CPU
		{35FF3B31-84A3-7580-B11E-818D86EA4780}.Release|Any CPU.ActiveCfg = Release|Any CPU
		{35FF3B31-84A3-7580-B11E-818D86EA4780}.Release|Any CPU.Build.0 = Release|Any CPU
	EndGlobalSection
	GlobalSection(SolutionProperties) = preSolution
		HideSolutionNode = FALSE
	EndGlobalSection
EndGlobal
